<?xml version="1.0" encoding="utf-8"?>
<Project ToolsVersion="18.0" xmlns="http://schemas.microsoft.com/developer/msbuild/2003">
  <ItemGroup>
    <ClCompile Include="I:\workspace\hyper_spherical\pirate_bridge.cpp">
      <Filter>Source Files</Filter>
    </ClCompile>
    <ClCompile Include="I:\workspace\hyper_spherical\src\python_bridge.cpp">
      <Filter>Source Files</Filter>
    </ClCompile>
    <ClCompile Include="I:\workspace\hyper_spherical\src\context_compressor.cpp">
      <Filter>Source Files</Filter>
    </ClCompile>
    <ClCompile Include="I:\workspace\hyper_spherical\src\static_dictionary.cpp">
      <Filter>Source Files</Filter>
    </ClCompile>
    <ClCompile Include="I:\workspace\hyper_spherical\src\dictionary_store.cpp">
      <Filter>Source Files</Filter>
    </ClCompile>
    <ClCompile Include="I:\workspace\hyper_spherical\src\memory_manager.cpp">
      <Filter>Source Files</Filter>
    </ClCompile>
    <ClCompile Include="I:\workspace\hyper_spherical\src\predictive_prefetcher.cpp">
      <Filter>Source Files</Filter>
    </ClCompile>
    <ClCompile Include="I:\workspace\hyper_spherical\src\index_registry.cpp">
      <Filter>Source Files</Filter>
    </ClCompile>
    <ClCompile Include="I:\workspace\hyper_spherical\src\nvme_io.cpp">
      <Filter>Source Files</Filter>
    </ClCompile>
    <ClCompile Include="I:\workspace\hyper_spherical\src\recovery_checkpoint.cpp">
      <Filter>Source Files</Filter>
    </ClCompile>
    <ClCompile Include="I:\workspace\hyper_spherical\src\telemetry_logger.cpp">
      <Filter>Source Files</Filter>
    </ClCompile>
    <ClCompile Include="I:\workspace\hyper_spherical\src\neuron_graph.cpp">
      <Filter>Source Files</Filter>
    </ClCompile>
    <ClCompile Include="I:\workspace\hyper_spherical\src\hypersphere.cpp">
      <Filter>Source Files</Filter>
    </ClCompile>
    <ClCompile Include="I:\workspace\hyper_spherical\src\enterprise\license_manager.cpp">
      <Filter>Source Files</Filter>
    </ClCompile>
    <ClCompile Include="I:\workspace\hyper_spherical\src\enterprise\drm_manager.cpp">
      <Filter>Source Files</Filter>
    </ClCompile>
    <ClCompile Include="I:\workspace\hyper_spherical\src\enterprise\hypersphere_pqc.cpp">
      <Filter>Source Files</Filter>
    </ClCompile>
    <ClCompile Include="I:\workspace\hyper_spherical\src\enterprise\shard_matrix.cpp">
      <Filter>Source Files</Filter>
    </ClCompile>
    <ClCompile Include="I:\workspace\hyper_spherical\src\enterprise\leet_cipher.cpp">
      <Filter>Source Files</Filter>
    </ClCompile>
    <ClCompile Include="I:\workspace\hyper_spherical\src\enterprise\stripe_io.cpp">
      <Filter>Source Files</Filter>
    </ClCompile>
  </ItemGroup>
  <ItemGroup>
    <CustomBuild Include="I:\workspace\hyper_spherical\CMakeLists.txt" />
  </ItemGroup>
  <ItemGroup>
    <Filter Include="Source Files">
      <UniqueIdentifier>{B829B3B5-E682-3DB2-B076-0708493377F3}</UniqueIdentifier>
    </Filter>
  </ItemGroup>
</Project>
