<?xml version="1.0" encoding="utf-8"?>
<Project ToolsVersion="18.0" xmlns="http://schemas.microsoft.com/developer/msbuild/2003">
  <ItemGroup>
    <CustomBuild Include="I:\workspace\hyper_spherical\build_test\CMakeFiles\f3fe400d748bf8f6633bf9e185d75fa3\RUN_TESTS_force.rule">
      <Filter>CMake Rules</Filter>
    </CustomBuild>
  </ItemGroup>
  <ItemGroup>
    <Filter Include="CMake Rules">
      <UniqueIdentifier>{CAB08383-7062-3F3B-984E-67226F973F11}</UniqueIdentifier>
    </Filter>
  </ItemGroup>
</Project>
